
Microsoft Visual Studio Solution File, Format Version 12.00
# Visual Studio Version 17
VisualStudioVersion = 17.1.32210.238
MinimumVisualStudioVersion = 10.0.40219.1
Project("{FAE04EC0-301F-11D3-BF4B-00C04F79EFBC}") = "Calculadora.UWP", "Calculadora.UWP\Calculadora.UWP.csproj", "{ECF114D4-5C1F-4BFF-A782-AEFACC6BAE06}"
EndProject
Project("{FAE04EC0-301F-11D3-BF4B-00C04F79EFBC}") = "Calculadora.Android", "Calculadora.Android\Calculadora.Android.csproj", "{C5F92713-D43F-4AB8-AA33-D03D039D7A46}"
EndProject
Project("{FAE04EC0-301F-11D3-BF4B-00C04F79EFBC}") = "Calculadora", "Calculadora\Calculadora.csproj", "{93EFE1B1-ABE6-47C5-BDFB-0970F37766CD}"
EndProject
Global
	GlobalSection(SolutionConfigurationPlatforms) = preSolution
		Debug|Any CPU = Debug|Any CPU
		Debug|ARM = Debug|ARM
		Debug|x64 = Debug|x64
		Debug|x86 = Debug|x86
		Release|Any CPU = Release|Any CPU
		Release|ARM = Release|ARM
		Release|x64 = Release|x64
		Release|x86 = Release|x86
	EndGlobalSection
	GlobalSection(ProjectConfigurationPlatforms) = postSolution
		{ECF114D4-5C1F-4BFF-A782-AEFACC6BAE06}.Debug|Any CPU.ActiveCfg = Debug|x64
		{ECF114D4-5C1F-4BFF-A782-AEFACC6BAE06}.Debug|Any CPU.Build.0 = Debug|x64
		{ECF114D4-5C1F-4BFF-A782-AEFACC6BAE06}.Debug|Any CPU.Deploy.0 = Debug|x64
		{ECF114D4-5C1F-4BFF-A782-AEFACC6BAE06}.Debug|ARM.ActiveCfg = Debug|ARM
		{ECF114D4-5C1F-4BFF-A782-AEFACC6BAE06}.Debug|ARM.Build.0 = Debug|ARM
		{ECF114D4-5C1F-4BFF-A782-AEFACC6BAE06}.Debug|ARM.Deploy.0 = Debug|ARM
		{ECF114D4-5C1F-4BFF-A782-AEFACC6BAE06}.Debug|x64.ActiveCfg = Debug|x64
		{ECF114D4-5C1F-4BFF-A782-AEFACC6BAE06}.Debug|x64.Build.0 = Debug|x64
		{ECF114D4-5C1F-4BFF-A782-AEFACC6BAE06}.Debug|x64.Deploy.0 = Debug|x64
		{ECF114D4-5C1F-4BFF-A782-AEFACC6BAE06}.Debug|x86.ActiveCfg = Debug|x86
		{ECF114D4-5C1F-4BFF-A782-AEFACC6BAE06}.Debug|x86.Build.0 = Debug|x86
		{ECF114D4-5C1F-4BFF-A782-AEFACC6BAE06}.Debug|x86.Deploy.0 = Debug|x86
		{ECF114D4-5C1F-4BFF-A782-AEFACC6BAE06}.Release|Any CPU.ActiveCfg = Release|x64
		{ECF114D4-5C1F-4BFF-A782-AEFACC6BAE06}.Release|Any CPU.Build.0 = Release|x64
		{ECF114D4-5C1F-4BFF-A782-AEFACC6BAE06}.Release|Any CPU.Deploy.0 = Release|x64
		{ECF114D4-5C1F-4BFF-A782-AEFACC6BAE06}.Release|ARM.ActiveCfg = Release|ARM
		{ECF114D4-5C1F-4BFF-A782-AEFACC6BAE06}.Release|ARM.Build.0 = Release|ARM
		{ECF114D4-5C1F-4BFF-A782-AEFACC6BAE06}.Release|ARM.Deploy.0 = Release|ARM
		{ECF114D4-5C1F-4BFF-A782-AEFACC6BAE06}.Release|x64.ActiveCfg = Release|x64
		{ECF114D4-5C1F-4BFF-A782-AEFACC6BAE06}.Release|x64.Build.0 = Release|x64
		{ECF114D4-5C1F-4BFF-A782-AEFACC6BAE06}.Release|x64.Deploy.0 = Release|x64
		{ECF114D4-5C1F-4BFF-A782-AEFACC6BAE06}.Release|x86.ActiveCfg = Release|x86
		{ECF114D4-5C1F-4BFF-A782-AEFACC6BAE06}.Release|x86.Build.0 = Release|x86
		{ECF114D4-5C1F-4BFF-A782-AEFACC6BAE06}.Release|x86.Deploy.0 = Release|x86
		{C5F92713-D43F-4AB8-AA33-D03D039D7A46}.Debug|Any CPU.ActiveCfg = Debug|Any CPU
		{C5F92713-D43F-4AB8-AA33-D03D039D7A46}.Debug|Any CPU.Build.0 = Debug|Any CPU
		{C5F92713-D43F-4AB8-AA33-D03D039D7A46}.Debug|Any CPU.Deploy.0 = Debug|Any CPU
		{C5F92713-D43F-4AB8-AA33-D03D039D7A46}.Debug|ARM.ActiveCfg = Debug|Any CPU
		{C5F92713-D43F-4AB8-AA33-D03D039D7A46}.Debug|ARM.Build.0 = Debug|Any CPU
		{C5F92713-D43F-4AB8-AA33-D03D039D7A46}.Debug|ARM.Deploy.0 = Debug|Any CPU
		{C5F92713-D43F-4AB8-AA33-D03D039D7A46}.Debug|x64.ActiveCfg = Debug|Any CPU
		{C5F92713-D43F-4AB8-AA33-D03D039D7A46}.Debug|x64.Build.0 = Debug|Any CPU
		{C5F92713-D43F-4AB8-AA33-D03D039D7A46}.Debug|x64.Deploy.0 = Debug|Any CPU
		{C5F92713-D43F-4AB8-AA33-D03D039D7A46}.Debug|x86.ActiveCfg = Debug|Any CPU
		{C5F92713-D43F-4AB8-AA33-D03D039D7A46}.Debug|x86.Build.0 = Debug|Any CPU
		{C5F92713-D43F-4AB8-AA33-D03D039D7A46}.Debug|x86.Deploy.0 = Debug|Any CPU
		{C5F92713-D43F-4AB8-AA33-D03D039D7A46}.Release|Any CPU.ActiveCfg = Release|Any CPU
		{C5F92713-D43F-4AB8-AA33-D03D039D7A46}.Release|Any CPU.Build.0 = Release|Any CPU
		{C5F92713-D43F-4AB8-AA33-D03D039D7A46}.Release|Any CPU.Deploy.0 = Release|Any CPU
		{C5F92713-D43F-4AB8-AA33-D03D039D7A46}.Release|ARM.ActiveCfg = Release|Any CPU
		{C5F92713-D43F-4AB8-AA33-D03D039D7A46}.Release|ARM.Build.0 = Release|Any CPU
		{C5F92713-D43F-4AB8-AA33-D03D039D7A46}.Release|ARM.Deploy.0 = Release|Any CPU
		{C5F92713-D43F-4AB8-AA33-D03D039D7A46}.Release|x64.ActiveCfg = Release|Any CPU
		{C5F92713-D43F-4AB8-AA33-D03D039D7A46}.Release|x64.Build.0 = Release|Any CPU
		{C5F92713-D43F-4AB8-AA33-D03D039D7A46}.Release|x64.Deploy.0 = Release|Any CPU
		{C5F92713-D43F-4AB8-AA33-D03D039D7A46}.Release|x86.ActiveCfg = Release|Any CPU
		{C5F92713-D43F-4AB8-AA33-D03D039D7A46}.Release|x86.Build.0 = Release|Any CPU
		{C5F92713-D43F-4AB8-AA33-D03D039D7A46}.Release|x86.Deploy.0 = Release|Any CPU
		{93EFE1B1-ABE6-47C5-BDFB-0970F37766CD}.Debug|Any CPU.ActiveCfg = Debug|Any CPU
		{93EFE1B1-ABE6-47C5-BDFB-0970F37766CD}.Debug|Any CPU.Build.0 = Debug|Any CPU
		{93EFE1B1-ABE6-47C5-BDFB-0970F37766CD}.Debug|Any CPU.Deploy.0 = Debug|Any CPU
		{93EFE1B1-ABE6-47C5-BDFB-0970F37766CD}.Debug|ARM.ActiveCfg = Debug|Any CPU
		{93EFE1B1-ABE6-47C5-BDFB-0970F37766CD}.Debug|ARM.Build.0 = Debug|Any CPU
		{93EFE1B1-ABE6-47C5-BDFB-0970F37766CD}.Debug|ARM.Deploy.0 = Debug|Any CPU
		{93EFE1B1-ABE6-47C5-BDFB-0970F37766CD}.Debug|x64.ActiveCfg = Debug|Any CPU
		{93EFE1B1-ABE6-47C5-BDFB-0970F37766CD}.Debug|x64.Build.0 = Debug|Any CPU
		{93EFE1B1-ABE6-47C5-BDFB-0970F37766CD}.Debug|x64.Deploy.0 = Debug|Any CPU
		{93EFE1B1-ABE6-47C5-BDFB-0970F37766CD}.Debug|x86.ActiveCfg = Debug|Any CPU
		{93EFE1B1-ABE6-47C5-BDFB-0970F37766CD}.Debug|x86.Build.0 = Debug|Any CPU
		{93EFE1B1-ABE6-47C5-BDFB-0970F37766CD}.Debug|x86.Deploy.0 = Debug|Any CPU
		{93EFE1B1-ABE6-47C5-BDFB-0970F37766CD}.Release|Any CPU.ActiveCfg = Release|Any CPU
		{93EFE1B1-ABE6-47C5-BDFB-0970F37766CD}.Release|Any CPU.Build.0 = Release|Any CPU
		{93EFE1B1-ABE6-47C5-BDFB-0970F37766CD}.Release|Any CPU.Deploy.0 = Release|Any CPU
		{93EFE1B1-ABE6-47C5-BDFB-0970F37766CD}.Release|ARM.ActiveCfg = Release|Any CPU
		{93EFE1B1-ABE6-47C5-BDFB-0970F37766CD}.Release|ARM.Build.0 = Release|Any CPU
		{93EFE1B1-ABE6-47C5-BDFB-0970F37766CD}.Release|ARM.Deploy.0 = Release|Any CPU
		{93EFE1B1-ABE6-47C5-BDFB-0970F37766CD}.Release|x64.ActiveCfg = Release|Any CPU
		{93EFE1B1-ABE6-47C5-BDFB-0970F37766CD}.Release|x64.Build.0 = Release|Any CPU
		{93EFE1B1-ABE6-47C5-BDFB-0970F37766CD}.Release|x64.Deploy.0 = Release|Any CPU
		{93EFE1B1-ABE6-47C5-BDFB-0970F37766CD}.Release|x86.ActiveCfg = Release|Any CPU
		{93EFE1B1-ABE6-47C5-BDFB-0970F37766CD}.Release|x86.Build.0 = Release|Any CPU
		{93EFE1B1-ABE6-47C5-BDFB-0970F37766CD}.Release|x86.Deploy.0 = Release|Any CPU
	EndGlobalSection
	GlobalSection(SolutionProperties) = preSolution
		HideSolutionNode = FALSE
	EndGlobalSection
	GlobalSection(ExtensibilityGlobals) = postSolution
		SolutionGuid = {4DC4C987-D33C-42B4-B92B-41C0E28F5D9B}
	EndGlobalSection
EndGlobal
